{
  "name": "@popovmp/dbil",
  "version": "1.1.0",
  "lockfileVersion": 2,
  "requires": true,
  "packages": {
    "": {
      "name": "@popovmp/dbil",
      "version": "1.1.0",
      "license": "MIT",
      "devDependencies": {
        "@popovmp/mocha-tiny": "^1.3.1"
      }
    },
    "node_modules/@popovmp/mocha-tiny": {
      "version": "1.3.1",
      "resolved": "https://registry.npmjs.org/@popovmp/mocha-tiny/-/mocha-tiny-1.3.1.tgz",
      "integrity": "sha512-J4kH5ArI19lLLKwJRznjU38DHR20qSbufmTnAbD7dOB4CwHV76I+rai/dxNO0TLPm2nZvyOdZIsgKuTYIlXIog==",
      "dev": true,
      "bin": {
        "mocha-tiny": "bin/mocha-tiny.js"
      }
    }
  },
  "dependencies": {
    "@popovmp/mocha-tiny": {
      "version": "1.3.1",
      "resolved": "https://registry.npmjs.org/@popovmp/mocha-tiny/-/mocha-tiny-1.3.1.tgz",
      "integrity": "sha512-J4kH5ArI19lLLKwJRznjU38DHR20qSbufmTnAbD7dOB4CwHV76I+rai/dxNO0TLPm2nZvyOdZIsgKuTYIlXIog==",
      "dev": true
    }
  }
}
