{
  "name": "@popovmp/dbil",
  "version": "4.11.0",
  "lockfileVersion": 3,
  "requires": true,
  "packages": {
    "": {
      "name": "@popovmp/dbil",
      "version": "4.11.0",
      "license": "MIT",
      "dependencies": {
        "@popovmp/micro-logger": "^1.9.0"
      }
    },
    "node_modules/@popovmp/micro-logger": {
      "version": "1.9.0",
      "resolved": "https://registry.npmjs.org/@popovmp/micro-logger/-/micro-logger-1.9.0.tgz",
      "integrity": "sha512-lVeUBkpqAALatKJSyi53U9TlmFYj8RQaGDSlFwaojw5TGMugZHWpTxb1xI/KDWSlJOUXWiQ8KvYDQyZYiHFgwg=="
    }
  }
}
