{
  "name": "@popovmp/dbil",
  "version": "4.7.1",
  "lockfileVersion": 3,
  "requires": true,
  "packages": {
    "": {
      "name": "@popovmp/dbil",
      "version": "4.7.1",
      "license": "MIT",
      "dependencies": {
        "@popovmp/micro-logger": "^1.8.0"
      }
    },
    "node_modules/@popovmp/micro-logger": {
      "version": "1.8.0",
      "resolved": "https://registry.npmjs.org/@popovmp/micro-logger/-/micro-logger-1.8.0.tgz",
      "integrity": "sha512-gwl4Cs2pOT7yt8gIXWIdqCGgB50p127hRTKNj7ezdWlK0hprkBiXI6q0e2oNLHGEvXyerR6RUKXWq7TyT2e7FQ=="
    }
  }
}
